# This file is automatically @generated by Poetry 1.8.3 and should not be changed by hand.

[[package]]
name = "utils"
version = "0.1.0"
description = "Utility functions for Dasbootstrap"
optional = false
python-versions = "^3.12"
files = []
develop = false

[package.source]
type = "directory"
url = "../../shared/utils"

[metadata]
lock-version = "2.0"
python-versions = "^3.12"
content-hash = "a9e9b5f9d82cda4ba17fa7d21143930f17e8641eee39cea9994b30a092a6b6ff"
